
Microsoft Visual Studio Solution File, Format Version 12.00
# Visual Studio Version 16
VisualStudioVersion = 16.0.29609.76
MinimumVisualStudioVersion = 10.0.40219.1
Project("{2150E333-8FDC-42A3-9474-1A3956D46DE8}") = "Week01", "Week01", "{42781053-C680-4324-8803-9B974C1AAE58}"
EndProject
Project("{9A19103F-16F7-4668-BE54-9A1E7A4F7556}") = "Week1Examples", "Week1Examples\Week1Examples.csproj", "{48F4D240-46EA-4C42-BCAE-B366A162C518}"
EndProject
Project("{9A19103F-16F7-4668-BE54-9A1E7A4F7556}") = "Week1UnitTests", "Week1UnitTests\Week1UnitTests.csproj", "{78FEE16A-B93C-461E-96B5-96834BAE4647}"
EndProject
Project("{2150E333-8FDC-42A3-9474-1A3956D46DE8}") = "Week02", "Week02", "{AAF37911-FA3B-4BF4-BCC2-A56A79CE627E}"
EndProject
Project("{9A19103F-16F7-4668-BE54-9A1E7A4F7556}") = "Week2Linq", "Week2Linq\Week2Linq.csproj", "{B4DEB44A-958D-4074-89D1-02BF9D256960}"
EndProject
Project("{9A19103F-16F7-4668-BE54-9A1E7A4F7556}") = "Week2Lambda", "Week2Lambda\Week2Lambda.csproj", "{F2047CC0-DAF1-43B9-9F3E-76AB2B163D90}"
EndProject
Project("{2150E333-8FDC-42A3-9474-1A3956D46DE8}") = "Week03", "Week03", "{953EB81D-9B8F-4FE8-91C2-37908F095476}"
EndProject
Project("{9A19103F-16F7-4668-BE54-9A1E7A4F7556}") = "Week3ConstantExpressions", "Week3ConstantExpressions\Week3ConstantExpressions.csproj", "{2701EF3D-134A-46BD-B7C5-0D323ADA016C}"
EndProject
Project("{9A19103F-16F7-4668-BE54-9A1E7A4F7556}") = "Week3BinaryExpressions", "Week3BinaryExpressions\Week3BinaryExpressions.csproj", "{C56E1363-175B-423D-976F-8669B00687DB}"
EndProject
Project("{9A19103F-16F7-4668-BE54-9A1E7A4F7556}") = "Week3PropertyExpressions", "Week3PropertyExpressions\Week3PropertyExpressions.csproj", "{FD3EA762-BEF7-4210-A34D-C7F3E90F349D}"
EndProject
Project("{9A19103F-16F7-4668-BE54-9A1E7A4F7556}") = "Week3ExpressionVisitor", "Week3ExpressionVisitor\Week3ExpressionVisitor.csproj", "{F5212DCD-341E-43A4-A2B0-D8D153C00B3B}"
EndProject
Project("{9A19103F-16F7-4668-BE54-9A1E7A4F7556}") = "Week3MethodCallExpressions", "Week3MethodCallExpressions\Week3MethodCallExpressions.csproj", "{CF0FF207-AB65-40AB-95FD-D7144310D46A}"
EndProject
Project("{2150E333-8FDC-42A3-9474-1A3956D46DE8}") = "Week04", "Week04", "{902C70BF-BA9A-4CA4-B947-180C502B513C}"
EndProject
Project("{9A19103F-16F7-4668-BE54-9A1E7A4F7556}") = "Week4ReflectionConstructorInfo", "Week4ReflectionConstructorInfo\Week4ReflectionConstructorInfo.csproj", "{6767A5D7-3B1C-4950-AFDF-2DCB534AA618}"
EndProject
Project("{9A19103F-16F7-4668-BE54-9A1E7A4F7556}") = "Week4ReflectionMethodInfo", "Week4ReflectionMethodInfo\Week4ReflectionMethodInfo.csproj", "{E7A11109-5182-46F5-84D7-9035F3E51213}"
EndProject
Project("{9A19103F-16F7-4668-BE54-9A1E7A4F7556}") = "Week4ReflectionDemoFullExample", "Week4ReflectionDemoFullExample\Week4ReflectionDemoFullExample.csproj", "{29FBF0BD-82B2-4E54-93C1-1AF98B86A236}"
EndProject
Project("{9A19103F-16F7-4668-BE54-9A1E7A4F7556}") = "Week4ClassMapExample", "Week4ClassMapExample\Week4ClassMapExample.csproj", "{C189F747-8F3E-4F93-9949-AD6F6E1C0F1D}"
EndProject
Project("{9A19103F-16F7-4668-BE54-9A1E7A4F7556}") = "Week4DynamicKeywordExample", "Week4DynamicKeywordExample\Week4DynamicKeywordExample.csproj", "{B08DFABC-223E-43A3-822D-9BD79EA2DEEB}"
EndProject
Project("{2150E333-8FDC-42A3-9474-1A3956D46DE8}") = "Week05", "Week05", "{610AD4C6-6F62-46BD-B22C-17090C863C7A}"
EndProject
Project("{9A19103F-16F7-4668-BE54-9A1E7A4F7556}") = "Week5Attributes", "Week5Attributes\Week5Attributes.csproj", "{3C573724-404E-44B7-9098-718D916B9DBD}"
EndProject
Project("{9A19103F-16F7-4668-BE54-9A1E7A4F7556}") = "Week5BinarySerialization", "Week5BinarySerialization\Week5BinarySerialization.csproj", "{E8983B36-D1E0-45A3-9B91-06255E2641A6}"
EndProject
Project("{9A19103F-16F7-4668-BE54-9A1E7A4F7556}") = "Week5JsonSerialization", "Week5JsonSerialization\Week5JsonSerialization.csproj", "{03D65C06-34A7-47FA-A537-F61420B60AD4}"
EndProject
Project("{9A19103F-16F7-4668-BE54-9A1E7A4F7556}") = "Week5SerializationCore", "Week5SerializationCore\Week5SerializationCore.csproj", "{2D65EB93-4965-4C98-B44C-CB73E8433EB2}"
EndProject
Project("{9A19103F-16F7-4668-BE54-9A1E7A4F7556}") = "Week5XmlSerialization", "Week5XmlSerialization\Week5XmlSerialization.csproj", "{12AFA278-BC2B-4285-B6E9-C40968E6E0E9}"
EndProject
Project("{2150E333-8FDC-42A3-9474-1A3956D46DE8}") = "Week06", "Week06", "{0326877C-3969-4DFC-86ED-73E990324F6E}"
EndProject
Project("{9A19103F-16F7-4668-BE54-9A1E7A4F7556}") = "Week6AsyncAwait", "Week6AsyncAwait\Week6AsyncAwait.csproj", "{BE8A4C9E-00A0-4D8F-B30E-A15FA6BDC5A9}"
EndProject
Project("{9A19103F-16F7-4668-BE54-9A1E7A4F7556}") = "Week6CpuCode", "Week6CpuCode\Week6CpuCode.csproj", "{6FE69DB7-9E45-433C-AD44-50C5B844067A}"
EndProject
Project("{9A19103F-16F7-4668-BE54-9A1E7A4F7556}") = "Week6IoCode", "Week6IoCode\Week6IoCode.csproj", "{9B79923C-8200-42BC-A77B-BE5C88368E00}"
EndProject
Project("{9A19103F-16F7-4668-BE54-9A1E7A4F7556}") = "AsyncExample", "ConsoleApp1\ConsoleApp1\AsyncExample.csproj", "{7610AAD0-B21F-4D08-A627-06AB86325C68}"
EndProject
Project("{9A19103F-16F7-4668-BE54-9A1E7A4F7556}") = "Week6TaskWithExceptionAsyncVoid", "Week6TaskWithExceptionAsyncVoid\Week6TaskWithExceptionAsyncVoid.csproj", "{8BB31F4B-755B-400B-BD5D-D6F0FF6E61A3}"
EndProject
Project("{2150E333-8FDC-42A3-9474-1A3956D46DE8}") = "Week07", "Week07", "{9181D7F2-3FF1-48AC-AE61-8C5FE72E2366}"
EndProject
Project("{9A19103F-16F7-4668-BE54-9A1E7A4F7556}") = "Week7AsyncDatabaseAccess", "Week7AsyncDatabaseAccess\Week7AsyncDatabaseAccess.csproj", "{3ACA3884-776E-4C58-A2B6-1E12AC5A059F}"
EndProject
Project("{9A19103F-16F7-4668-BE54-9A1E7A4F7556}") = "Week7AsyncProgrammingModel", "Week7AsyncProgrammingModel\Week7AsyncProgrammingModel.csproj", "{6F5C2015-B533-45A1-AC9D-7F553B56496C}"
EndProject
Project("{9A19103F-16F7-4668-BE54-9A1E7A4F7556}") = "Week7TaskBasedAsyncPattern", "Week7TaskBasedAsyncPattern\Week7TaskBasedAsyncPattern.csproj", "{EAEEFEA6-CC62-47F6-A1DC-BB3635AFF24F}"
EndProject
Project("{9A19103F-16F7-4668-BE54-9A1E7A4F7556}") = "SimpleAsyncDB", "SimpleAsyncDB\SimpleAsyncDB.csproj", "{8020A1D2-FFA9-4A15-8A57-C967A93C8BF5}"
EndProject
Project("{2150E333-8FDC-42A3-9474-1A3956D46DE8}") = "Week08", "Week08", "{E61B39B3-5A0F-49F2-9FC2-CAF8B3105A46}"
EndProject
Project("{9A19103F-16F7-4668-BE54-9A1E7A4F7556}") = "HttpListenerExample", "HttpListenerExample\HttpListenerExample\HttpListenerExample.csproj", "{F58F386F-0E9D-4C5B-BE8B-26BD193D11CF}"
EndProject
Project("{9A19103F-16F7-4668-BE54-9A1E7A4F7556}") = "Week8AspNetCore", "Week8AspNetCore\Week8AspNetCore.csproj", "{C900DB50-90E5-4002-80D4-832E88088F93}"
EndProject
Project("{9A19103F-16F7-4668-BE54-9A1E7A4F7556}") = "Week8HttpListener", "Week8HttpListener\Week8HttpListener.csproj", "{8F6AC31B-0559-4AF6-9B8F-3149ED489A8E}"
EndProject
Project("{9A19103F-16F7-4668-BE54-9A1E7A4F7556}") = "Week8KestrelWebServer", "Week8KestrelWebServer\Week8KestrelWebServer.csproj", "{D4A2AA30-0CDE-4F9C-AFD4-B7795C2B615E}"
EndProject
Project("{9A19103F-16F7-4668-BE54-9A1E7A4F7556}") = "Week8KestrelWebServer.Client", "Week8KestrelWebServer.Client\Week8KestrelWebServer.Client.csproj", "{25993E6B-1C69-4D4C-9BCD-9985B6B09BE5}"
EndProject
Project("{9A19103F-16F7-4668-BE54-9A1E7A4F7556}") = "Week8KestrelWebServer.Shared", "Week8KestrelWebServer.Shared\Week8KestrelWebServer.Shared.csproj", "{EE264784-C045-44C8-848B-98683EA7A05D}"
EndProject
Project("{9A19103F-16F7-4668-BE54-9A1E7A4F7556}") = "Week8TcpListener", "Week8TcpListener\Week8TcpListener.csproj", "{F00431DD-21AC-4BD6-9CB3-EB4C19BCE329}"
EndProject
Project("{9A19103F-16F7-4668-BE54-9A1E7A4F7556}") = "Week8UdpListener", "Week8UdpListener\Week8UdpListener.csproj", "{3A7F1131-0001-4C2E-8C98-631E35A91DB2}"
EndProject
Project("{2150E333-8FDC-42A3-9474-1A3956D46DE8}") = "Week09", "Week09", "{1FD0B6BC-66EF-4824-9F69-19B3100809C7}"
EndProject
Project("{9A19103F-16F7-4668-BE54-9A1E7A4F7556}") = "SignalR", "SignalR\SignalR.csproj", "{A2FC20F8-E2EC-4AAC-B32F-AAB8BECE86CA}"
EndProject
Project("{9A19103F-16F7-4668-BE54-9A1E7A4F7556}") = "Week9WebSockets", "Week9WebSockets\Week9WebSockets.csproj", "{2E1D8C11-DD7D-4E61-95A1-6EB72E0226DB}"
EndProject
Project("{2150E333-8FDC-42A3-9474-1A3956D46DE8}") = "Week10", "Week10", "{063BB151-ED39-4243-84ED-8A1ED5BCC331}"
	ProjectSection(SolutionItems) = preProject
		Cancelled.txt = Cancelled.txt
	EndProjectSection
EndProject
Global
	GlobalSection(SolutionConfigurationPlatforms) = preSolution
		Debug|Any CPU = Debug|Any CPU
		Release|Any CPU = Release|Any CPU
	EndGlobalSection
	GlobalSection(ProjectConfigurationPlatforms) = postSolution
		{48F4D240-46EA-4C42-BCAE-B366A162C518}.Debug|Any CPU.ActiveCfg = Debug|Any CPU
		{48F4D240-46EA-4C42-BCAE-B366A162C518}.Debug|Any CPU.Build.0 = Debug|Any CPU
		{48F4D240-46EA-4C42-BCAE-B366A162C518}.Release|Any CPU.ActiveCfg = Release|Any CPU
		{48F4D240-46EA-4C42-BCAE-B366A162C518}.Release|Any CPU.Build.0 = Release|Any CPU
		{78FEE16A-B93C-461E-96B5-96834BAE4647}.Debug|Any CPU.ActiveCfg = Debug|Any CPU
		{78FEE16A-B93C-461E-96B5-96834BAE4647}.Debug|Any CPU.Build.0 = Debug|Any CPU
		{78FEE16A-B93C-461E-96B5-96834BAE4647}.Release|Any CPU.ActiveCfg = Release|Any CPU
		{78FEE16A-B93C-461E-96B5-96834BAE4647}.Release|Any CPU.Build.0 = Release|Any CPU
		{B4DEB44A-958D-4074-89D1-02BF9D256960}.Debug|Any CPU.ActiveCfg = Debug|Any CPU
		{B4DEB44A-958D-4074-89D1-02BF9D256960}.Debug|Any CPU.Build.0 = Debug|Any CPU
		{B4DEB44A-958D-4074-89D1-02BF9D256960}.Release|Any CPU.ActiveCfg = Release|Any CPU
		{B4DEB44A-958D-4074-89D1-02BF9D256960}.Release|Any CPU.Build.0 = Release|Any CPU
		{F2047CC0-DAF1-43B9-9F3E-76AB2B163D90}.Debug|Any CPU.ActiveCfg = Debug|Any CPU
		{F2047CC0-DAF1-43B9-9F3E-76AB2B163D90}.Debug|Any CPU.Build.0 = Debug|Any CPU
		{F2047CC0-DAF1-43B9-9F3E-76AB2B163D90}.Release|Any CPU.ActiveCfg = Release|Any CPU
		{F2047CC0-DAF1-43B9-9F3E-76AB2B163D90}.Release|Any CPU.Build.0 = Release|Any CPU
		{2701EF3D-134A-46BD-B7C5-0D323ADA016C}.Debug|Any CPU.ActiveCfg = Debug|Any CPU
		{2701EF3D-134A-46BD-B7C5-0D323ADA016C}.Debug|Any CPU.Build.0 = Debug|Any CPU
		{2701EF3D-134A-46BD-B7C5-0D323ADA016C}.Release|Any CPU.ActiveCfg = Release|Any CPU
		{2701EF3D-134A-46BD-B7C5-0D323ADA016C}.Release|Any CPU.Build.0 = Release|Any CPU
		{C56E1363-175B-423D-976F-8669B00687DB}.Debug|Any CPU.ActiveCfg = Debug|Any CPU
		{C56E1363-175B-423D-976F-8669B00687DB}.Debug|Any CPU.Build.0 = Debug|Any CPU
		{C56E1363-175B-423D-976F-8669B00687DB}.Release|Any CPU.ActiveCfg = Release|Any CPU
		{C56E1363-175B-423D-976F-8669B00687DB}.Release|Any CPU.Build.0 = Release|Any CPU
		{FD3EA762-BEF7-4210-A34D-C7F3E90F349D}.Debug|Any CPU.ActiveCfg = Debug|Any CPU
		{FD3EA762-BEF7-4210-A34D-C7F3E90F349D}.Debug|Any CPU.Build.0 = Debug|Any CPU
		{FD3EA762-BEF7-4210-A34D-C7F3E90F349D}.Release|Any CPU.ActiveCfg = Release|Any CPU
		{FD3EA762-BEF7-4210-A34D-C7F3E90F349D}.Release|Any CPU.Build.0 = Release|Any CPU
		{F5212DCD-341E-43A4-A2B0-D8D153C00B3B}.Debug|Any CPU.ActiveCfg = Debug|Any CPU
		{F5212DCD-341E-43A4-A2B0-D8D153C00B3B}.Debug|Any CPU.Build.0 = Debug|Any CPU
		{F5212DCD-341E-43A4-A2B0-D8D153C00B3B}.Release|Any CPU.ActiveCfg = Release|Any CPU
		{F5212DCD-341E-43A4-A2B0-D8D153C00B3B}.Release|Any CPU.Build.0 = Release|Any CPU
		{CF0FF207-AB65-40AB-95FD-D7144310D46A}.Debug|Any CPU.ActiveCfg = Debug|Any CPU
		{CF0FF207-AB65-40AB-95FD-D7144310D46A}.Debug|Any CPU.Build.0 = Debug|Any CPU
		{CF0FF207-AB65-40AB-95FD-D7144310D46A}.Release|Any CPU.ActiveCfg = Release|Any CPU
		{CF0FF207-AB65-40AB-95FD-D7144310D46A}.Release|Any CPU.Build.0 = Release|Any CPU
		{6767A5D7-3B1C-4950-AFDF-2DCB534AA618}.Debug|Any CPU.ActiveCfg = Debug|Any CPU
		{6767A5D7-3B1C-4950-AFDF-2DCB534AA618}.Debug|Any CPU.Build.0 = Debug|Any CPU
		{6767A5D7-3B1C-4950-AFDF-2DCB534AA618}.Release|Any CPU.ActiveCfg = Release|Any CPU
		{6767A5D7-3B1C-4950-AFDF-2DCB534AA618}.Release|Any CPU.Build.0 = Release|Any CPU
		{E7A11109-5182-46F5-84D7-9035F3E51213}.Debug|Any CPU.ActiveCfg = Debug|Any CPU
		{E7A11109-5182-46F5-84D7-9035F3E51213}.Debug|Any CPU.Build.0 = Debug|Any CPU
		{E7A11109-5182-46F5-84D7-9035F3E51213}.Release|Any CPU.ActiveCfg = Release|Any CPU
		{E7A11109-5182-46F5-84D7-9035F3E51213}.Release|Any CPU.Build.0 = Release|Any CPU
		{29FBF0BD-82B2-4E54-93C1-1AF98B86A236}.Debug|Any CPU.ActiveCfg = Debug|Any CPU
		{29FBF0BD-82B2-4E54-93C1-1AF98B86A236}.Debug|Any CPU.Build.0 = Debug|Any CPU
		{29FBF0BD-82B2-4E54-93C1-1AF98B86A236}.Release|Any CPU.ActiveCfg = Release|Any CPU
		{29FBF0BD-82B2-4E54-93C1-1AF98B86A236}.Release|Any CPU.Build.0 = Release|Any CPU
		{C189F747-8F3E-4F93-9949-AD6F6E1C0F1D}.Debug|Any CPU.ActiveCfg = Debug|Any CPU
		{C189F747-8F3E-4F93-9949-AD6F6E1C0F1D}.Debug|Any CPU.Build.0 = Debug|Any CPU
		{C189F747-8F3E-4F93-9949-AD6F6E1C0F1D}.Release|Any CPU.ActiveCfg = Release|Any CPU
		{C189F747-8F3E-4F93-9949-AD6F6E1C0F1D}.Release|Any CPU.Build.0 = Release|Any CPU
		{B08DFABC-223E-43A3-822D-9BD79EA2DEEB}.Debug|Any CPU.ActiveCfg = Debug|Any CPU
		{B08DFABC-223E-43A3-822D-9BD79EA2DEEB}.Debug|Any CPU.Build.0 = Debug|Any CPU
		{B08DFABC-223E-43A3-822D-9BD79EA2DEEB}.Release|Any CPU.ActiveCfg = Release|Any CPU
		{B08DFABC-223E-43A3-822D-9BD79EA2DEEB}.Release|Any CPU.Build.0 = Release|Any CPU
		{3C573724-404E-44B7-9098-718D916B9DBD}.Debug|Any CPU.ActiveCfg = Debug|Any CPU
		{3C573724-404E-44B7-9098-718D916B9DBD}.Debug|Any CPU.Build.0 = Debug|Any CPU
		{3C573724-404E-44B7-9098-718D916B9DBD}.Release|Any CPU.ActiveCfg = Release|Any CPU
		{3C573724-404E-44B7-9098-718D916B9DBD}.Release|Any CPU.Build.0 = Release|Any CPU
		{E8983B36-D1E0-45A3-9B91-06255E2641A6}.Debug|Any CPU.ActiveCfg = Debug|Any CPU
		{E8983B36-D1E0-45A3-9B91-06255E2641A6}.Debug|Any CPU.Build.0 = Debug|Any CPU
		{E8983B36-D1E0-45A3-9B91-06255E2641A6}.Release|Any CPU.ActiveCfg = Release|Any CPU
		{E8983B36-D1E0-45A3-9B91-06255E2641A6}.Release|Any CPU.Build.0 = Release|Any CPU
		{03D65C06-34A7-47FA-A537-F61420B60AD4}.Debug|Any CPU.ActiveCfg = Debug|Any CPU
		{03D65C06-34A7-47FA-A537-F61420B60AD4}.Debug|Any CPU.Build.0 = Debug|Any CPU
		{03D65C06-34A7-47FA-A537-F61420B60AD4}.Release|Any CPU.ActiveCfg = Release|Any CPU
		{03D65C06-34A7-47FA-A537-F61420B60AD4}.Release|Any CPU.Build.0 = Release|Any CPU
		{2D65EB93-4965-4C98-B44C-CB73E8433EB2}.Debug|Any CPU.ActiveCfg = Debug|Any CPU
		{2D65EB93-4965-4C98-B44C-CB73E8433EB2}.Debug|Any CPU.Build.0 = Debug|Any CPU
		{2D65EB93-4965-4C98-B44C-CB73E8433EB2}.Release|Any CPU.ActiveCfg = Release|Any CPU
		{2D65EB93-4965-4C98-B44C-CB73E8433EB2}.Release|Any CPU.Build.0 = Release|Any CPU
		{12AFA278-BC2B-4285-B6E9-C40968E6E0E9}.Debug|Any CPU.ActiveCfg = Debug|Any CPU
		{12AFA278-BC2B-4285-B6E9-C40968E6E0E9}.Debug|Any CPU.Build.0 = Debug|Any CPU
		{12AFA278-BC2B-4285-B6E9-C40968E6E0E9}.Release|Any CPU.ActiveCfg = Release|Any CPU
		{12AFA278-BC2B-4285-B6E9-C40968E6E0E9}.Release|Any CPU.Build.0 = Release|Any CPU
		{BE8A4C9E-00A0-4D8F-B30E-A15FA6BDC5A9}.Debug|Any CPU.ActiveCfg = Debug|Any CPU
		{BE8A4C9E-00A0-4D8F-B30E-A15FA6BDC5A9}.Debug|Any CPU.Build.0 = Debug|Any CPU
		{BE8A4C9E-00A0-4D8F-B30E-A15FA6BDC5A9}.Release|Any CPU.ActiveCfg = Release|Any CPU
		{BE8A4C9E-00A0-4D8F-B30E-A15FA6BDC5A9}.Release|Any CPU.Build.0 = Release|Any CPU
		{6FE69DB7-9E45-433C-AD44-50C5B844067A}.Debug|Any CPU.ActiveCfg = Debug|Any CPU
		{6FE69DB7-9E45-433C-AD44-50C5B844067A}.Debug|Any CPU.Build.0 = Debug|Any CPU
		{6FE69DB7-9E45-433C-AD44-50C5B844067A}.Release|Any CPU.ActiveCfg = Release|Any CPU
		{6FE69DB7-9E45-433C-AD44-50C5B844067A}.Release|Any CPU.Build.0 = Release|Any CPU
		{9B79923C-8200-42BC-A77B-BE5C88368E00}.Debug|Any CPU.ActiveCfg = Debug|Any CPU
		{9B79923C-8200-42BC-A77B-BE5C88368E00}.Debug|Any CPU.Build.0 = Debug|Any CPU
		{9B79923C-8200-42BC-A77B-BE5C88368E00}.Release|Any CPU.ActiveCfg = Release|Any CPU
		{9B79923C-8200-42BC-A77B-BE5C88368E00}.Release|Any CPU.Build.0 = Release|Any CPU
		{7610AAD0-B21F-4D08-A627-06AB86325C68}.Debug|Any CPU.ActiveCfg = Debug|Any CPU
		{7610AAD0-B21F-4D08-A627-06AB86325C68}.Debug|Any CPU.Build.0 = Debug|Any CPU
		{7610AAD0-B21F-4D08-A627-06AB86325C68}.Release|Any CPU.ActiveCfg = Release|Any CPU
		{7610AAD0-B21F-4D08-A627-06AB86325C68}.Release|Any CPU.Build.0 = Release|Any CPU
		{8BB31F4B-755B-400B-BD5D-D6F0FF6E61A3}.Debug|Any CPU.ActiveCfg = Debug|Any CPU
		{8BB31F4B-755B-400B-BD5D-D6F0FF6E61A3}.Debug|Any CPU.Build.0 = Debug|Any CPU
		{8BB31F4B-755B-400B-BD5D-D6F0FF6E61A3}.Release|Any CPU.ActiveCfg = Release|Any CPU
		{8BB31F4B-755B-400B-BD5D-D6F0FF6E61A3}.Release|Any CPU.Build.0 = Release|Any CPU
		{3ACA3884-776E-4C58-A2B6-1E12AC5A059F}.Debug|Any CPU.ActiveCfg = Debug|Any CPU
		{3ACA3884-776E-4C58-A2B6-1E12AC5A059F}.Debug|Any CPU.Build.0 = Debug|Any CPU
		{3ACA3884-776E-4C58-A2B6-1E12AC5A059F}.Release|Any CPU.ActiveCfg = Release|Any CPU
		{3ACA3884-776E-4C58-A2B6-1E12AC5A059F}.Release|Any CPU.Build.0 = Release|Any CPU
		{6F5C2015-B533-45A1-AC9D-7F553B56496C}.Debug|Any CPU.ActiveCfg = Debug|Any CPU
		{6F5C2015-B533-45A1-AC9D-7F553B56496C}.Debug|Any CPU.Build.0 = Debug|Any CPU
		{6F5C2015-B533-45A1-AC9D-7F553B56496C}.Release|Any CPU.ActiveCfg = Release|Any CPU
		{6F5C2015-B533-45A1-AC9D-7F553B56496C}.Release|Any CPU.Build.0 = Release|Any CPU
		{EAEEFEA6-CC62-47F6-A1DC-BB3635AFF24F}.Debug|Any CPU.ActiveCfg = Debug|Any CPU
		{EAEEFEA6-CC62-47F6-A1DC-BB3635AFF24F}.Debug|Any CPU.Build.0 = Debug|Any CPU
		{EAEEFEA6-CC62-47F6-A1DC-BB3635AFF24F}.Release|Any CPU.ActiveCfg = Release|Any CPU
		{EAEEFEA6-CC62-47F6-A1DC-BB3635AFF24F}.Release|Any CPU.Build.0 = Release|Any CPU
		{8020A1D2-FFA9-4A15-8A57-C967A93C8BF5}.Debug|Any CPU.ActiveCfg = Debug|Any CPU
		{8020A1D2-FFA9-4A15-8A57-C967A93C8BF5}.Debug|Any CPU.Build.0 = Debug|Any CPU
		{8020A1D2-FFA9-4A15-8A57-C967A93C8BF5}.Release|Any CPU.ActiveCfg = Release|Any CPU
		{8020A1D2-FFA9-4A15-8A57-C967A93C8BF5}.Release|Any CPU.Build.0 = Release|Any CPU
		{F58F386F-0E9D-4C5B-BE8B-26BD193D11CF}.Debug|Any CPU.ActiveCfg = Debug|Any CPU
		{F58F386F-0E9D-4C5B-BE8B-26BD193D11CF}.Debug|Any CPU.Build.0 = Debug|Any CPU
		{F58F386F-0E9D-4C5B-BE8B-26BD193D11CF}.Release|Any CPU.ActiveCfg = Release|Any CPU
		{F58F386F-0E9D-4C5B-BE8B-26BD193D11CF}.Release|Any CPU.Build.0 = Release|Any CPU
		{C900DB50-90E5-4002-80D4-832E88088F93}.Debug|Any CPU.ActiveCfg = Debug|Any CPU
		{C900DB50-90E5-4002-80D4-832E88088F93}.Debug|Any CPU.Build.0 = Debug|Any CPU
		{C900DB50-90E5-4002-80D4-832E88088F93}.Release|Any CPU.ActiveCfg = Release|Any CPU
		{C900DB50-90E5-4002-80D4-832E88088F93}.Release|Any CPU.Build.0 = Release|Any CPU
		{8F6AC31B-0559-4AF6-9B8F-3149ED489A8E}.Debug|Any CPU.ActiveCfg = Debug|Any CPU
		{8F6AC31B-0559-4AF6-9B8F-3149ED489A8E}.Debug|Any CPU.Build.0 = Debug|Any CPU
		{8F6AC31B-0559-4AF6-9B8F-3149ED489A8E}.Release|Any CPU.ActiveCfg = Release|Any CPU
		{8F6AC31B-0559-4AF6-9B8F-3149ED489A8E}.Release|Any CPU.Build.0 = Release|Any CPU
		{D4A2AA30-0CDE-4F9C-AFD4-B7795C2B615E}.Debug|Any CPU.ActiveCfg = Debug|Any CPU
		{D4A2AA30-0CDE-4F9C-AFD4-B7795C2B615E}.Debug|Any CPU.Build.0 = Debug|Any CPU
		{D4A2AA30-0CDE-4F9C-AFD4-B7795C2B615E}.Release|Any CPU.ActiveCfg = Release|Any CPU
		{D4A2AA30-0CDE-4F9C-AFD4-B7795C2B615E}.Release|Any CPU.Build.0 = Release|Any CPU
		{25993E6B-1C69-4D4C-9BCD-9985B6B09BE5}.Debug|Any CPU.ActiveCfg = Debug|Any CPU
		{25993E6B-1C69-4D4C-9BCD-9985B6B09BE5}.Debug|Any CPU.Build.0 = Debug|Any CPU
		{25993E6B-1C69-4D4C-9BCD-9985B6B09BE5}.Release|Any CPU.ActiveCfg = Release|Any CPU
		{25993E6B-1C69-4D4C-9BCD-9985B6B09BE5}.Release|Any CPU.Build.0 = Release|Any CPU
		{EE264784-C045-44C8-848B-98683EA7A05D}.Debug|Any CPU.ActiveCfg = Debug|Any CPU
		{EE264784-C045-44C8-848B-98683EA7A05D}.Debug|Any CPU.Build.0 = Debug|Any CPU
		{EE264784-C045-44C8-848B-98683EA7A05D}.Release|Any CPU.ActiveCfg = Release|Any CPU
		{EE264784-C045-44C8-848B-98683EA7A05D}.Release|Any CPU.Build.0 = Release|Any CPU
		{F00431DD-21AC-4BD6-9CB3-EB4C19BCE329}.Debug|Any CPU.ActiveCfg = Debug|Any CPU
		{F00431DD-21AC-4BD6-9CB3-EB4C19BCE329}.Debug|Any CPU.Build.0 = Debug|Any CPU
		{F00431DD-21AC-4BD6-9CB3-EB4C19BCE329}.Release|Any CPU.ActiveCfg = Release|Any CPU
		{F00431DD-21AC-4BD6-9CB3-EB4C19BCE329}.Release|Any CPU.Build.0 = Release|Any CPU
		{3A7F1131-0001-4C2E-8C98-631E35A91DB2}.Debug|Any CPU.ActiveCfg = Debug|Any CPU
		{3A7F1131-0001-4C2E-8C98-631E35A91DB2}.Debug|Any CPU.Build.0 = Debug|Any CPU
		{3A7F1131-0001-4C2E-8C98-631E35A91DB2}.Release|Any CPU.ActiveCfg = Release|Any CPU
		{3A7F1131-0001-4C2E-8C98-631E35A91DB2}.Release|Any CPU.Build.0 = Release|Any CPU
		{A2FC20F8-E2EC-4AAC-B32F-AAB8BECE86CA}.Debug|Any CPU.ActiveCfg = Debug|Any CPU
		{A2FC20F8-E2EC-4AAC-B32F-AAB8BECE86CA}.Debug|Any CPU.Build.0 = Debug|Any CPU
		{A2FC20F8-E2EC-4AAC-B32F-AAB8BECE86CA}.Release|Any CPU.ActiveCfg = Release|Any CPU
		{A2FC20F8-E2EC-4AAC-B32F-AAB8BECE86CA}.Release|Any CPU.Build.0 = Release|Any CPU
		{2E1D8C11-DD7D-4E61-95A1-6EB72E0226DB}.Debug|Any CPU.ActiveCfg = Debug|Any CPU
		{2E1D8C11-DD7D-4E61-95A1-6EB72E0226DB}.Debug|Any CPU.Build.0 = Debug|Any CPU
		{2E1D8C11-DD7D-4E61-95A1-6EB72E0226DB}.Release|Any CPU.ActiveCfg = Release|Any CPU
		{2E1D8C11-DD7D-4E61-95A1-6EB72E0226DB}.Release|Any CPU.Build.0 = Release|Any CPU
	EndGlobalSection
	GlobalSection(SolutionProperties) = preSolution
		HideSolutionNode = FALSE
	EndGlobalSection
	GlobalSection(NestedProjects) = preSolution
		{48F4D240-46EA-4C42-BCAE-B366A162C518} = {42781053-C680-4324-8803-9B974C1AAE58}
		{78FEE16A-B93C-461E-96B5-96834BAE4647} = {42781053-C680-4324-8803-9B974C1AAE58}
		{B4DEB44A-958D-4074-89D1-02BF9D256960} = {AAF37911-FA3B-4BF4-BCC2-A56A79CE627E}
		{F2047CC0-DAF1-43B9-9F3E-76AB2B163D90} = {AAF37911-FA3B-4BF4-BCC2-A56A79CE627E}
		{2701EF3D-134A-46BD-B7C5-0D323ADA016C} = {953EB81D-9B8F-4FE8-91C2-37908F095476}
		{C56E1363-175B-423D-976F-8669B00687DB} = {953EB81D-9B8F-4FE8-91C2-37908F095476}
		{FD3EA762-BEF7-4210-A34D-C7F3E90F349D} = {953EB81D-9B8F-4FE8-91C2-37908F095476}
		{F5212DCD-341E-43A4-A2B0-D8D153C00B3B} = {953EB81D-9B8F-4FE8-91C2-37908F095476}
		{CF0FF207-AB65-40AB-95FD-D7144310D46A} = {953EB81D-9B8F-4FE8-91C2-37908F095476}
		{6767A5D7-3B1C-4950-AFDF-2DCB534AA618} = {902C70BF-BA9A-4CA4-B947-180C502B513C}
		{E7A11109-5182-46F5-84D7-9035F3E51213} = {902C70BF-BA9A-4CA4-B947-180C502B513C}
		{29FBF0BD-82B2-4E54-93C1-1AF98B86A236} = {902C70BF-BA9A-4CA4-B947-180C502B513C}
		{C189F747-8F3E-4F93-9949-AD6F6E1C0F1D} = {902C70BF-BA9A-4CA4-B947-180C502B513C}
		{B08DFABC-223E-43A3-822D-9BD79EA2DEEB} = {902C70BF-BA9A-4CA4-B947-180C502B513C}
		{3C573724-404E-44B7-9098-718D916B9DBD} = {610AD4C6-6F62-46BD-B22C-17090C863C7A}
		{E8983B36-D1E0-45A3-9B91-06255E2641A6} = {610AD4C6-6F62-46BD-B22C-17090C863C7A}
		{03D65C06-34A7-47FA-A537-F61420B60AD4} = {610AD4C6-6F62-46BD-B22C-17090C863C7A}
		{2D65EB93-4965-4C98-B44C-CB73E8433EB2} = {610AD4C6-6F62-46BD-B22C-17090C863C7A}
		{12AFA278-BC2B-4285-B6E9-C40968E6E0E9} = {610AD4C6-6F62-46BD-B22C-17090C863C7A}
		{BE8A4C9E-00A0-4D8F-B30E-A15FA6BDC5A9} = {0326877C-3969-4DFC-86ED-73E990324F6E}
		{6FE69DB7-9E45-433C-AD44-50C5B844067A} = {0326877C-3969-4DFC-86ED-73E990324F6E}
		{9B79923C-8200-42BC-A77B-BE5C88368E00} = {0326877C-3969-4DFC-86ED-73E990324F6E}
		{7610AAD0-B21F-4D08-A627-06AB86325C68} = {0326877C-3969-4DFC-86ED-73E990324F6E}
		{8BB31F4B-755B-400B-BD5D-D6F0FF6E61A3} = {0326877C-3969-4DFC-86ED-73E990324F6E}
		{3ACA3884-776E-4C58-A2B6-1E12AC5A059F} = {9181D7F2-3FF1-48AC-AE61-8C5FE72E2366}
		{6F5C2015-B533-45A1-AC9D-7F553B56496C} = {9181D7F2-3FF1-48AC-AE61-8C5FE72E2366}
		{EAEEFEA6-CC62-47F6-A1DC-BB3635AFF24F} = {9181D7F2-3FF1-48AC-AE61-8C5FE72E2366}
		{8020A1D2-FFA9-4A15-8A57-C967A93C8BF5} = {9181D7F2-3FF1-48AC-AE61-8C5FE72E2366}
		{F58F386F-0E9D-4C5B-BE8B-26BD193D11CF} = {E61B39B3-5A0F-49F2-9FC2-CAF8B3105A46}
		{C900DB50-90E5-4002-80D4-832E88088F93} = {E61B39B3-5A0F-49F2-9FC2-CAF8B3105A46}
		{8F6AC31B-0559-4AF6-9B8F-3149ED489A8E} = {E61B39B3-5A0F-49F2-9FC2-CAF8B3105A46}
		{D4A2AA30-0CDE-4F9C-AFD4-B7795C2B615E} = {E61B39B3-5A0F-49F2-9FC2-CAF8B3105A46}
		{25993E6B-1C69-4D4C-9BCD-9985B6B09BE5} = {E61B39B3-5A0F-49F2-9FC2-CAF8B3105A46}
		{EE264784-C045-44C8-848B-98683EA7A05D} = {E61B39B3-5A0F-49F2-9FC2-CAF8B3105A46}
		{F00431DD-21AC-4BD6-9CB3-EB4C19BCE329} = {E61B39B3-5A0F-49F2-9FC2-CAF8B3105A46}
		{3A7F1131-0001-4C2E-8C98-631E35A91DB2} = {E61B39B3-5A0F-49F2-9FC2-CAF8B3105A46}
		{A2FC20F8-E2EC-4AAC-B32F-AAB8BECE86CA} = {1FD0B6BC-66EF-4824-9F69-19B3100809C7}
		{2E1D8C11-DD7D-4E61-95A1-6EB72E0226DB} = {1FD0B6BC-66EF-4824-9F69-19B3100809C7}
	EndGlobalSection
	GlobalSection(ExtensibilityGlobals) = postSolution
		SolutionGuid = {93FEB80F-B86B-41D7-B4AA-7B2C21C5C200}
	EndGlobalSection
EndGlobal
