
Microsoft Visual Studio Solution File, Format Version 12.00
# Visual Studio Version 16
VisualStudioVersion = 16.0.29609.76
MinimumVisualStudioVersion = 10.0.40219.1
Project("{2150E333-8FDC-42A3-9474-1A3956D46DE8}") = "Week1", "Week1", "{42781053-C680-4324-8803-9B974C1AAE58}"
EndProject
Project("{9A19103F-16F7-4668-BE54-9A1E7A4F7556}") = "Week1Examples", "Week1Examples\Week1Examples.csproj", "{48F4D240-46EA-4C42-BCAE-B366A162C518}"
EndProject
Project("{9A19103F-16F7-4668-BE54-9A1E7A4F7556}") = "Week1UnitTests", "Week1UnitTests\Week1UnitTests.csproj", "{78FEE16A-B93C-461E-96B5-96834BAE4647}"
EndProject
Project("{2150E333-8FDC-42A3-9474-1A3956D46DE8}") = "Week2", "Week2", "{AAF37911-FA3B-4BF4-BCC2-A56A79CE627E}"
EndProject
Project("{9A19103F-16F7-4668-BE54-9A1E7A4F7556}") = "Week2Linq", "Week2Linq\Week2Linq.csproj", "{B4DEB44A-958D-4074-89D1-02BF9D256960}"
EndProject
Project("{9A19103F-16F7-4668-BE54-9A1E7A4F7556}") = "Week2Lambda", "Week2Lambda\Week2Lambda.csproj", "{F2047CC0-DAF1-43B9-9F3E-76AB2B163D90}"
EndProject
Project("{2150E333-8FDC-42A3-9474-1A3956D46DE8}") = "Week3", "Week3", "{953EB81D-9B8F-4FE8-91C2-37908F095476}"
EndProject
Project("{9A19103F-16F7-4668-BE54-9A1E7A4F7556}") = "Week3ConstantExpressions", "Week3ConstantExpressions\Week3ConstantExpressions.csproj", "{2701EF3D-134A-46BD-B7C5-0D323ADA016C}"
EndProject
Project("{9A19103F-16F7-4668-BE54-9A1E7A4F7556}") = "Week3BinaryExpressions", "Week3BinaryExpressions\Week3BinaryExpressions.csproj", "{C56E1363-175B-423D-976F-8669B00687DB}"
EndProject
Project("{9A19103F-16F7-4668-BE54-9A1E7A4F7556}") = "Week3PropertyExpressions", "Week3PropertyExpressions\Week3PropertyExpressions.csproj", "{FD3EA762-BEF7-4210-A34D-C7F3E90F349D}"
EndProject
Project("{9A19103F-16F7-4668-BE54-9A1E7A4F7556}") = "Week3ExpressionVisitor", "Week3ExpressionVisitor\Week3ExpressionVisitor.csproj", "{F5212DCD-341E-43A4-A2B0-D8D153C00B3B}"
EndProject
Project("{9A19103F-16F7-4668-BE54-9A1E7A4F7556}") = "Week3MethodCallExpressions", "Week3MethodCallExpressions\Week3MethodCallExpressions.csproj", "{CF0FF207-AB65-40AB-95FD-D7144310D46A}"
EndProject
Project("{2150E333-8FDC-42A3-9474-1A3956D46DE8}") = "Week4", "Week4", "{902C70BF-BA9A-4CA4-B947-180C502B513C}"
EndProject
Project("{9A19103F-16F7-4668-BE54-9A1E7A4F7556}") = "Week4ReflectionConstructorInfo", "Week4ReflectionConstructorInfo\Week4ReflectionConstructorInfo.csproj", "{6767A5D7-3B1C-4950-AFDF-2DCB534AA618}"
EndProject
Project("{9A19103F-16F7-4668-BE54-9A1E7A4F7556}") = "Week4ReflectionMethodInfo", "Week4ReflectionMethodInfo\Week4ReflectionMethodInfo.csproj", "{E7A11109-5182-46F5-84D7-9035F3E51213}"
EndProject
Project("{9A19103F-16F7-4668-BE54-9A1E7A4F7556}") = "Week4ReflectionDemoFullExample", "Week4ReflectionDemoFullExample\Week4ReflectionDemoFullExample.csproj", "{29FBF0BD-82B2-4E54-93C1-1AF98B86A236}"
EndProject
Project("{9A19103F-16F7-4668-BE54-9A1E7A4F7556}") = "Week4ClassMapExample", "Week4ClassMapExample\Week4ClassMapExample.csproj", "{C189F747-8F3E-4F93-9949-AD6F6E1C0F1D}"
EndProject
Project("{9A19103F-16F7-4668-BE54-9A1E7A4F7556}") = "Week4DynamicKeywordExample", "Week4DynamicKeywordExample\Week4DynamicKeywordExample.csproj", "{B08DFABC-223E-43A3-822D-9BD79EA2DEEB}"
EndProject
Project("{2150E333-8FDC-42A3-9474-1A3956D46DE8}") = "Week5", "Week5", "{610AD4C6-6F62-46BD-B22C-17090C863C7A}"
EndProject
Project("{9A19103F-16F7-4668-BE54-9A1E7A4F7556}") = "Week5Attributes", "Week5Attributes\Week5Attributes.csproj", "{F7A81957-8203-4DED-8A00-A002CC537A8F}"
EndProject
Global
	GlobalSection(SolutionConfigurationPlatforms) = preSolution
		Debug|Any CPU = Debug|Any CPU
		Release|Any CPU = Release|Any CPU
	EndGlobalSection
	GlobalSection(ProjectConfigurationPlatforms) = postSolution
		{48F4D240-46EA-4C42-BCAE-B366A162C518}.Debug|Any CPU.ActiveCfg = Debug|Any CPU
		{48F4D240-46EA-4C42-BCAE-B366A162C518}.Debug|Any CPU.Build.0 = Debug|Any CPU
		{48F4D240-46EA-4C42-BCAE-B366A162C518}.Release|Any CPU.ActiveCfg = Release|Any CPU
		{48F4D240-46EA-4C42-BCAE-B366A162C518}.Release|Any CPU.Build.0 = Release|Any CPU
		{78FEE16A-B93C-461E-96B5-96834BAE4647}.Debug|Any CPU.ActiveCfg = Debug|Any CPU
		{78FEE16A-B93C-461E-96B5-96834BAE4647}.Debug|Any CPU.Build.0 = Debug|Any CPU
		{78FEE16A-B93C-461E-96B5-96834BAE4647}.Release|Any CPU.ActiveCfg = Release|Any CPU
		{78FEE16A-B93C-461E-96B5-96834BAE4647}.Release|Any CPU.Build.0 = Release|Any CPU
		{B4DEB44A-958D-4074-89D1-02BF9D256960}.Debug|Any CPU.ActiveCfg = Debug|Any CPU
		{B4DEB44A-958D-4074-89D1-02BF9D256960}.Debug|Any CPU.Build.0 = Debug|Any CPU
		{B4DEB44A-958D-4074-89D1-02BF9D256960}.Release|Any CPU.ActiveCfg = Release|Any CPU
		{B4DEB44A-958D-4074-89D1-02BF9D256960}.Release|Any CPU.Build.0 = Release|Any CPU
		{F2047CC0-DAF1-43B9-9F3E-76AB2B163D90}.Debug|Any CPU.ActiveCfg = Debug|Any CPU
		{F2047CC0-DAF1-43B9-9F3E-76AB2B163D90}.Debug|Any CPU.Build.0 = Debug|Any CPU
		{F2047CC0-DAF1-43B9-9F3E-76AB2B163D90}.Release|Any CPU.ActiveCfg = Release|Any CPU
		{F2047CC0-DAF1-43B9-9F3E-76AB2B163D90}.Release|Any CPU.Build.0 = Release|Any CPU
		{2701EF3D-134A-46BD-B7C5-0D323ADA016C}.Debug|Any CPU.ActiveCfg = Debug|Any CPU
		{2701EF3D-134A-46BD-B7C5-0D323ADA016C}.Debug|Any CPU.Build.0 = Debug|Any CPU
		{2701EF3D-134A-46BD-B7C5-0D323ADA016C}.Release|Any CPU.ActiveCfg = Release|Any CPU
		{2701EF3D-134A-46BD-B7C5-0D323ADA016C}.Release|Any CPU.Build.0 = Release|Any CPU
		{C56E1363-175B-423D-976F-8669B00687DB}.Debug|Any CPU.ActiveCfg = Debug|Any CPU
		{C56E1363-175B-423D-976F-8669B00687DB}.Debug|Any CPU.Build.0 = Debug|Any CPU
		{C56E1363-175B-423D-976F-8669B00687DB}.Release|Any CPU.ActiveCfg = Release|Any CPU
		{C56E1363-175B-423D-976F-8669B00687DB}.Release|Any CPU.Build.0 = Release|Any CPU
		{FD3EA762-BEF7-4210-A34D-C7F3E90F349D}.Debug|Any CPU.ActiveCfg = Debug|Any CPU
		{FD3EA762-BEF7-4210-A34D-C7F3E90F349D}.Debug|Any CPU.Build.0 = Debug|Any CPU
		{FD3EA762-BEF7-4210-A34D-C7F3E90F349D}.Release|Any CPU.ActiveCfg = Release|Any CPU
		{FD3EA762-BEF7-4210-A34D-C7F3E90F349D}.Release|Any CPU.Build.0 = Release|Any CPU
		{F5212DCD-341E-43A4-A2B0-D8D153C00B3B}.Debug|Any CPU.ActiveCfg = Debug|Any CPU
		{F5212DCD-341E-43A4-A2B0-D8D153C00B3B}.Debug|Any CPU.Build.0 = Debug|Any CPU
		{F5212DCD-341E-43A4-A2B0-D8D153C00B3B}.Release|Any CPU.ActiveCfg = Release|Any CPU
		{F5212DCD-341E-43A4-A2B0-D8D153C00B3B}.Release|Any CPU.Build.0 = Release|Any CPU
		{CF0FF207-AB65-40AB-95FD-D7144310D46A}.Debug|Any CPU.ActiveCfg = Debug|Any CPU
		{CF0FF207-AB65-40AB-95FD-D7144310D46A}.Debug|Any CPU.Build.0 = Debug|Any CPU
		{CF0FF207-AB65-40AB-95FD-D7144310D46A}.Release|Any CPU.ActiveCfg = Release|Any CPU
		{CF0FF207-AB65-40AB-95FD-D7144310D46A}.Release|Any CPU.Build.0 = Release|Any CPU
		{6767A5D7-3B1C-4950-AFDF-2DCB534AA618}.Debug|Any CPU.ActiveCfg = Debug|Any CPU
		{6767A5D7-3B1C-4950-AFDF-2DCB534AA618}.Debug|Any CPU.Build.0 = Debug|Any CPU
		{6767A5D7-3B1C-4950-AFDF-2DCB534AA618}.Release|Any CPU.ActiveCfg = Release|Any CPU
		{6767A5D7-3B1C-4950-AFDF-2DCB534AA618}.Release|Any CPU.Build.0 = Release|Any CPU
		{E7A11109-5182-46F5-84D7-9035F3E51213}.Debug|Any CPU.ActiveCfg = Debug|Any CPU
		{E7A11109-5182-46F5-84D7-9035F3E51213}.Debug|Any CPU.Build.0 = Debug|Any CPU
		{E7A11109-5182-46F5-84D7-9035F3E51213}.Release|Any CPU.ActiveCfg = Release|Any CPU
		{E7A11109-5182-46F5-84D7-9035F3E51213}.Release|Any CPU.Build.0 = Release|Any CPU
		{29FBF0BD-82B2-4E54-93C1-1AF98B86A236}.Debug|Any CPU.ActiveCfg = Debug|Any CPU
		{29FBF0BD-82B2-4E54-93C1-1AF98B86A236}.Debug|Any CPU.Build.0 = Debug|Any CPU
		{29FBF0BD-82B2-4E54-93C1-1AF98B86A236}.Release|Any CPU.ActiveCfg = Release|Any CPU
		{29FBF0BD-82B2-4E54-93C1-1AF98B86A236}.Release|Any CPU.Build.0 = Release|Any CPU
		{C189F747-8F3E-4F93-9949-AD6F6E1C0F1D}.Debug|Any CPU.ActiveCfg = Debug|Any CPU
		{C189F747-8F3E-4F93-9949-AD6F6E1C0F1D}.Debug|Any CPU.Build.0 = Debug|Any CPU
		{C189F747-8F3E-4F93-9949-AD6F6E1C0F1D}.Release|Any CPU.ActiveCfg = Release|Any CPU
		{C189F747-8F3E-4F93-9949-AD6F6E1C0F1D}.Release|Any CPU.Build.0 = Release|Any CPU
		{B08DFABC-223E-43A3-822D-9BD79EA2DEEB}.Debug|Any CPU.ActiveCfg = Debug|Any CPU
		{B08DFABC-223E-43A3-822D-9BD79EA2DEEB}.Debug|Any CPU.Build.0 = Debug|Any CPU
		{B08DFABC-223E-43A3-822D-9BD79EA2DEEB}.Release|Any CPU.ActiveCfg = Release|Any CPU
		{B08DFABC-223E-43A3-822D-9BD79EA2DEEB}.Release|Any CPU.Build.0 = Release|Any CPU
		{F7A81957-8203-4DED-8A00-A002CC537A8F}.Debug|Any CPU.ActiveCfg = Debug|Any CPU
		{F7A81957-8203-4DED-8A00-A002CC537A8F}.Debug|Any CPU.Build.0 = Debug|Any CPU
		{F7A81957-8203-4DED-8A00-A002CC537A8F}.Release|Any CPU.ActiveCfg = Release|Any CPU
		{F7A81957-8203-4DED-8A00-A002CC537A8F}.Release|Any CPU.Build.0 = Release|Any CPU
	EndGlobalSection
	GlobalSection(SolutionProperties) = preSolution
		HideSolutionNode = FALSE
	EndGlobalSection
	GlobalSection(NestedProjects) = preSolution
		{48F4D240-46EA-4C42-BCAE-B366A162C518} = {42781053-C680-4324-8803-9B974C1AAE58}
		{78FEE16A-B93C-461E-96B5-96834BAE4647} = {42781053-C680-4324-8803-9B974C1AAE58}
		{B4DEB44A-958D-4074-89D1-02BF9D256960} = {AAF37911-FA3B-4BF4-BCC2-A56A79CE627E}
		{F2047CC0-DAF1-43B9-9F3E-76AB2B163D90} = {AAF37911-FA3B-4BF4-BCC2-A56A79CE627E}
		{2701EF3D-134A-46BD-B7C5-0D323ADA016C} = {953EB81D-9B8F-4FE8-91C2-37908F095476}
		{C56E1363-175B-423D-976F-8669B00687DB} = {953EB81D-9B8F-4FE8-91C2-37908F095476}
		{FD3EA762-BEF7-4210-A34D-C7F3E90F349D} = {953EB81D-9B8F-4FE8-91C2-37908F095476}
		{F5212DCD-341E-43A4-A2B0-D8D153C00B3B} = {953EB81D-9B8F-4FE8-91C2-37908F095476}
		{CF0FF207-AB65-40AB-95FD-D7144310D46A} = {953EB81D-9B8F-4FE8-91C2-37908F095476}
		{6767A5D7-3B1C-4950-AFDF-2DCB534AA618} = {902C70BF-BA9A-4CA4-B947-180C502B513C}
		{E7A11109-5182-46F5-84D7-9035F3E51213} = {902C70BF-BA9A-4CA4-B947-180C502B513C}
		{29FBF0BD-82B2-4E54-93C1-1AF98B86A236} = {902C70BF-BA9A-4CA4-B947-180C502B513C}
		{C189F747-8F3E-4F93-9949-AD6F6E1C0F1D} = {902C70BF-BA9A-4CA4-B947-180C502B513C}
		{B08DFABC-223E-43A3-822D-9BD79EA2DEEB} = {902C70BF-BA9A-4CA4-B947-180C502B513C}
		{F7A81957-8203-4DED-8A00-A002CC537A8F} = {610AD4C6-6F62-46BD-B22C-17090C863C7A}
	EndGlobalSection
	GlobalSection(ExtensibilityGlobals) = postSolution
		SolutionGuid = {93FEB80F-B86B-41D7-B4AA-7B2C21C5C200}
	EndGlobalSection
EndGlobal
