
Microsoft Visual Studio Solution File, Format Version 12.00
# Visual Studio Version 16
VisualStudioVersion = 16.0.29326.143
MinimumVisualStudioVersion = 10.0.40219.1
Project("{FAE04EC0-301F-11D3-BF4B-00C04F79EFBC}") = "HttpListenerExample", "HttpListenerExample\HttpListenerExample.csproj", "{046AB903-A20C-4338-B39A-D5607B6589EC}"
EndProject
Global
	GlobalSection(SolutionConfigurationPlatforms) = preSolution
		Debug|Any CPU = Debug|Any CPU
		Release|Any CPU = Release|Any CPU
	EndGlobalSection
	GlobalSection(ProjectConfigurationPlatforms) = postSolution
		{046AB903-A20C-4338-B39A-D5607B6589EC}.Debug|Any CPU.ActiveCfg = Debug|Any CPU
		{046AB903-A20C-4338-B39A-D5607B6589EC}.Debug|Any CPU.Build.0 = Debug|Any CPU
		{046AB903-A20C-4338-B39A-D5607B6589EC}.Release|Any CPU.ActiveCfg = Release|Any CPU
		{046AB903-A20C-4338-B39A-D5607B6589EC}.Release|Any CPU.Build.0 = Release|Any CPU
	EndGlobalSection
	GlobalSection(SolutionProperties) = preSolution
		HideSolutionNode = FALSE
	EndGlobalSection
	GlobalSection(ExtensibilityGlobals) = postSolution
		SolutionGuid = {FFC4727D-9855-4981-B6F4-E48272D73E89}
	EndGlobalSection
EndGlobal
