
Microsoft Visual Studio Solution File, Format Version 12.00
# Visual Studio Version 16
VisualStudioVersion = 16.0.29326.143
MinimumVisualStudioVersion = 10.0.40219.1
Project("{9A19103F-16F7-4668-BE54-9A1E7A4F7556}") = "FactoryMethod", "FactoryMethod\FactoryMethod.csproj", "{7C5CA8F0-B016-4C3D-85BF-2C87713D44C4}"
EndProject
Project("{9A19103F-16F7-4668-BE54-9A1E7A4F7556}") = "Factory", "Factory\Factory.csproj", "{C25A2DE5-B38A-42BB-A7FB-9992456F3745}"
EndProject
Project("{9A19103F-16F7-4668-BE54-9A1E7A4F7556}") = "Singleton", "Singleton\Singleton.csproj", "{3EC17BA4-ECA2-4069-9AA8-D126255406F9}"
EndProject
Project("{FAE04EC0-301F-11D3-BF4B-00C04F79EFBC}") = "ChainOfResponsibility", "ChainOfResponsibility\ChainOfResponsibility.csproj", "{401F3838-86A0-4200-A776-515CB12F6475}"
EndProject
Project("{FAE04EC0-301F-11D3-BF4B-00C04F79EFBC}") = "Facade", "Facade\Facade.csproj", "{E2DAE78E-EE64-4CC0-BA92-9BA05EA79D14}"
EndProject
Global
	GlobalSection(SolutionConfigurationPlatforms) = preSolution
		Debug|Any CPU = Debug|Any CPU
		Release|Any CPU = Release|Any CPU
	EndGlobalSection
	GlobalSection(ProjectConfigurationPlatforms) = postSolution
		{7C5CA8F0-B016-4C3D-85BF-2C87713D44C4}.Debug|Any CPU.ActiveCfg = Debug|Any CPU
		{7C5CA8F0-B016-4C3D-85BF-2C87713D44C4}.Debug|Any CPU.Build.0 = Debug|Any CPU
		{7C5CA8F0-B016-4C3D-85BF-2C87713D44C4}.Release|Any CPU.ActiveCfg = Release|Any CPU
		{7C5CA8F0-B016-4C3D-85BF-2C87713D44C4}.Release|Any CPU.Build.0 = Release|Any CPU
		{C25A2DE5-B38A-42BB-A7FB-9992456F3745}.Debug|Any CPU.ActiveCfg = Debug|Any CPU
		{C25A2DE5-B38A-42BB-A7FB-9992456F3745}.Debug|Any CPU.Build.0 = Debug|Any CPU
		{C25A2DE5-B38A-42BB-A7FB-9992456F3745}.Release|Any CPU.ActiveCfg = Release|Any CPU
		{C25A2DE5-B38A-42BB-A7FB-9992456F3745}.Release|Any CPU.Build.0 = Release|Any CPU
		{3EC17BA4-ECA2-4069-9AA8-D126255406F9}.Debug|Any CPU.ActiveCfg = Debug|Any CPU
		{3EC17BA4-ECA2-4069-9AA8-D126255406F9}.Debug|Any CPU.Build.0 = Debug|Any CPU
		{3EC17BA4-ECA2-4069-9AA8-D126255406F9}.Release|Any CPU.ActiveCfg = Release|Any CPU
		{3EC17BA4-ECA2-4069-9AA8-D126255406F9}.Release|Any CPU.Build.0 = Release|Any CPU
		{401F3838-86A0-4200-A776-515CB12F6475}.Debug|Any CPU.ActiveCfg = Debug|Any CPU
		{401F3838-86A0-4200-A776-515CB12F6475}.Debug|Any CPU.Build.0 = Debug|Any CPU
		{401F3838-86A0-4200-A776-515CB12F6475}.Release|Any CPU.ActiveCfg = Release|Any CPU
		{401F3838-86A0-4200-A776-515CB12F6475}.Release|Any CPU.Build.0 = Release|Any CPU
		{E2DAE78E-EE64-4CC0-BA92-9BA05EA79D14}.Debug|Any CPU.ActiveCfg = Debug|Any CPU
		{E2DAE78E-EE64-4CC0-BA92-9BA05EA79D14}.Debug|Any CPU.Build.0 = Debug|Any CPU
		{E2DAE78E-EE64-4CC0-BA92-9BA05EA79D14}.Release|Any CPU.ActiveCfg = Release|Any CPU
		{E2DAE78E-EE64-4CC0-BA92-9BA05EA79D14}.Release|Any CPU.Build.0 = Release|Any CPU
	EndGlobalSection
	GlobalSection(SolutionProperties) = preSolution
		HideSolutionNode = FALSE
	EndGlobalSection
	GlobalSection(ExtensibilityGlobals) = postSolution
		SolutionGuid = {1A98800B-AA51-47D0-A1B7-D94A71889BA6}
	EndGlobalSection
EndGlobal
